// !$*UTF8*$!
{
	archiveVersion = 1;
	classes = {
	};
	objectVersion = 46;
	objects = {

/* Begin PBXBuildFile section */
		CB0D9E8015913BED005AD10F /* UIKit.framework in Frameworks */ = {isa = PBXBuildFile; fileRef = CB0D9E7F15913BED005AD10F /* UIKit.framework */; };
		CB0D9E8215913BED005AD10F /* Foundation.framework in Frameworks */ = {isa = PBXBuildFile; fileRef = CB0D9E8115913BED005AD10F /* Foundation.framework */; };
		CB0D9E8415913BED005AD10F /* CoreGraphics.framework in Frameworks */ = {isa = PBXBuildFile; fileRef = CB0D9E8315913BED005AD10F /* CoreGraphics.framework */; };
		CB0D9E8A15913BED005AD10F /* InfoPlist.strings in Resources */ = {isa = PBXBuildFile; fileRef = CB0D9E8815913BED005AD10F /* InfoPlist.strings */; };
		CB0D9E8C15913BED005AD10F /* main.m in Sources */ = {isa = PBXBuildFile; fileRef = CB0D9E8B15913BED005AD10F /* main.m */; };
		CB0D9E9015913BED005AD10F /* CalculatorAppDelegate.m in Sources */ = {isa = PBXBuildFile; fileRef = CB0D9E8F15913BED005AD10F /* CalculatorAppDelegate.m */; };
		CB0D9E9315913BED005AD10F /* MainStoryboard.storyboard in Resources */ = {isa = PBXBuildFile; fileRef = CB0D9E9115913BED005AD10F /* MainStoryboard.storyboard */; };
		CB0D9E9615913BED005AD10F /* CalculatorViewController.m in Sources */ = {isa = PBXBuildFile; fileRef = CB0D9E9515913BED005AD10F /* CalculatorViewController.m */; };
/* End PBXBuildFile section */

/* Begin PBXFileReference section */
		CB0D9E7B15913BED005AD10F /* Calculator.app */ = {isa = PBXFileReference; explicitFileType = wrapper.application; includeInIndex = 0; path = Calculator.app; sourceTree = BUILT_PRODUCTS_DIR; };
		CB0D9E7F15913BED005AD10F /* UIKit.framework */ = {isa = PBXFileReference; lastKnownFileType = wrapper.framework; name = UIKit.framework; path = System/Library/Frameworks/UIKit.framework; sourceTree = SDKROOT; };
		CB0D9E8115913BED005AD10F /* Foundation.framework */ = {isa = PBXFileReference; lastKnownFileType = wrapper.framework; name = Foundation.framework; path = System/Library/Frameworks/Foundation.framework; sourceTree = SDKROOT; };
		CB0D9E8315913BED005AD10F /* CoreGraphics.framework */ = {isa = PBXFileReference; lastKnownFileType = wrapper.framework; name = CoreGraphics.framework; path = System/Library/Frameworks/CoreGraphics.framework; sourceTree = SDKROOT; };
		CB0D9E8715913BED005AD10F /* Calculator-Info.plist */ = {isa = PBXFileReference; path = "Calculator-Info.plist"; sourceTree = "<group>"; };
		CB0D9E8915913BED005AD10F /* en */ = {isa = PBXFileReference; lastKnownFileType = text.plist.strings; name = en; path = en.lproj/InfoPlist.strings; sourceTree = "<group>"; };
		CB0D9E8B15913BED005AD10F /* main.m */ = {isa = PBXFileReference; lastKnownFileType = sourcecode.c.objc; path = main.m; sourceTree = "<group>"; };
		CB0D9E8D15913BED005AD10F /* Calculator-Prefix.pch */ = {isa = PBXFileReference; path = "Calculator-Prefix.pch"; sourceTree = "<group>"; };
		CB0D9E8E15913BED005AD10F /* CalculatorAppDelegate.h */ = {isa = PBXFileReference; path = CalculatorAppDelegate.h; sourceTree = "<group>"; };
		CB0D9E8F15913BED005AD10F /* CalculatorAppDelegate.m */ = {isa = PBXFileReference; lastKnownFileType = sourcecode.c.objc; path = CalculatorAppDelegate.m; sourceTree = "<group>"; };
		CB0D9E9215913BED005AD10F /* en */ = {isa = PBXFileReference; lastKnownFileType = file.storyboard; name = en; path = en.lproj/MainStoryboard.storyboard; sourceTree = "<group>"; };
		CB0D9E9415913BED005AD10F /* CalculatorViewController.h */ = {isa = PBXFileReference; path = CalculatorViewController.h; sourceTree = "<group>"; };
		CB0D9E9515913BED005AD10F /* CalculatorViewController.m */ = {isa = PBXFileReference; lastKnownFileType = sourcecode.c.objc; path = CalculatorViewController.m; sourceTree = "<group>"; };
/* End PBXFileReference section */

/* Begin PBXFrameworksBuildPhase section */
		CB0D9E7815913BED005AD10F /* Frameworks */ = {
			isa = PBXFrameworksBuildPhase;
			buildActionMask = 2147483647;
			files = (
				CB0D9E8015913BED005AD10F /* UIKit.framework in Frameworks */,
				CB0D9E8215913BED005AD10F /* Foundation.framework in Frameworks */,
				CB0D9E8415913BED005AD10F /* CoreGraphics.framework in Frameworks */,
			);
			runOnlyForDeploymentPostprocessing = 0;
		};
/* End PBXFrameworksBuildPhase section */

/* Begin PBXGroup section */
		CB0D9E7015913BED005AD10F = {
			isa = PBXGroup;
			children = (
				CB0D9E8515913BED005AD10F /* Calculator */,
				CB0D9E7E15913BED005AD10F /* Frameworks */,
				CB0D9E7C15913BED005AD10F /* Products */,
			);
			sourceTree = "<group>";
		};
		CB0D9E7C15913BED005AD10F /* Products */ = {
			isa = PBXGroup;
			children = (
				CB0D9E7B15913BED005AD10F /* Calculator.app */,
			);
			name = Products;
			sourceTree = "<group>";
		};
		CB0D9E7E15913BED005AD10F /* Frameworks */ = {
			isa = PBXGroup;
			children = (
				CB0D9E7F15913BED005AD10F /* UIKit.framework */,
				CB0D9E8115913BED005AD10F /* Foundation.framework */,
				CB0D9E8315913BED005AD10F /* CoreGraphics.framework */,
			);
			name = Frameworks;
			sourceTree = "<group>";
		};
		CB0D9E8515913BED005AD10F /* Calculator */ = {
			isa = PBXGroup;
			children = (
				CB0D9E8E15913BED005AD10F /* CalculatorAppDelegate.h */,
				CB0D9E8F15913BED005AD10F /* CalculatorAppDelegate.m */,
				CB0D9E9115913BED005AD10F /* MainStoryboard.storyboard */,
				CB0D9E9415913BED005AD10F /* CalculatorViewController.h */,
				CB0D9E9515913BED005AD10F /* CalculatorViewController.m */,
				CB0D9E8615913BED005AD10F /* Supporting Files */,
			);
			path = Calculator;
			sourceTree = "<group>";
		};
		CB0D9E8615913BED005AD10F /* Supporting Files */ = {
			isa = PBXGroup;
			children = (
				CB0D9E8715913BED005AD10F /* Calculator-Info.plist */,
				CB0D9E8815913BED005AD10F /* InfoPlist.strings */,
				CB0D9E8B15913BED005AD10F /* main.m */,
				CB0D9E8D15913BED005AD10F /* Calculator-Prefix.pch */,
			);
			name = "Supporting Files";
			sourceTree = "<group>";
		};
/* End PBXGroup section */

/* Begin PBXNativeTarget section */
		CB0D9E7A15913BED005AD10F /* Calculator */ = {
			isa = PBXNativeTarget;
			buildConfigurationList = CB0D9E9915913BED005AD10F /* Build configuration list for PBXNativeTarget "Calculator" */;
			buildPhases = (
				CB0D9E7715913BED005AD10F /* Sources */,
				CB0D9E7815913BED005AD10F /* Frameworks */,
				CB0D9E7915913BED005AD10F /* Resources */,
			);
			buildRules = (
			);
			dependencies = (
			);
			name = Calculator;
			productName = Calculator;
			productReference = CB0D9E7B15913BED005AD10F /* Calculator.app */;
			productType = "com.apple.product-type.application";
		};
/* End PBXNativeTarget section */

/* Begin PBXProject section */
		CB0D9E7215913BED005AD10F /* Project object */ = {
			isa = PBXProject;
			attributes = {
				CLASSPREFIX = Calculator;
				LastUpgradeCheck = 0430;
			};
			buildConfigurationList = CB0D9E7515913BED005AD10F /* Build configuration list for PBXProject "Calculator" */;
			compatibilityVersion = "Xcode 3.2";
			developmentRegion = English;
			hasScannedForEncodings = 0;
			knownRegions = (
				en,
			);
			mainGroup = CB0D9E7015913BED005AD10F;
			productRefGroup = CB0D9E7C15913BED005AD10F /* Products */;
			projectDirPath = "";
			projectRoot = "";
			targets = (
				CB0D9E7A15913BED005AD10F /* Calculator */,
			);
		};
/* End PBXProject section */

/* Begin PBXResourcesBuildPhase section */
		CB0D9E7915913BED005AD10F /* Resources */ = {
			isa = PBXResourcesBuildPhase;
			buildActionMask = 2147483647;
			files = (
				CB0D9E8A15913BED005AD10F /* InfoPlist.strings in Resources */,
				CB0D9E9315913BED005AD10F /* MainStoryboard.storyboard in Resources */,
			);
			runOnlyForDeploymentPostprocessing = 0;
		};
/* End PBXResourcesBuildPhase section */

/* Begin PBXSourcesBuildPhase section */
		CB0D9E7715913BED005AD10F /* Sources */ = {
			isa = PBXSourcesBuildPhase;
			buildActionMask = 2147483647;
			files = (
				CB0D9E8C15913BED005AD10F /* main.m in Sources */,
				CB0D9E9015913BED005AD10F /* CalculatorAppDelegate.m in Sources */,
				CB0D9E9615913BED005AD10F /* CalculatorViewController.m in Sources */,
			);
			runOnlyForDeploymentPostprocessing = 0;
		};
/* End PBXSourcesBuildPhase section */

/* Begin PBXVariantGroup section */
		CB0D9E8815913BED005AD10F /* InfoPlist.strings */ = {
			isa = PBXVariantGroup;
			children = (
				CB0D9E8915913BED005AD10F /* en */,
			);
			name = InfoPlist.strings;
			sourceTree = "<group>";
		};
		CB0D9E9115913BED005AD10F /* MainStoryboard.storyboard */ = {
			isa = PBXVariantGroup;
			children = (
				CB0D9E9215913BED005AD10F /* en */,
			);
			name = MainStoryboard.storyboard;
			sourceTree = "<group>";
		};
/* End PBXVariantGroup section */

/* Begin XCBuildConfiguration section */
		CB0D9E9715913BED005AD10F /* Debug */ = {
			isa = XCBuildConfiguration;
			buildSettings = {
				ALWAYS_SEARCH_USER_PATHS = NO;
				ARCHS = "$(ARCHS_STANDARD_32_BIT)";
				CLANG_ENABLE_OBJC_ARC = YES;
				"CODE_SIGN_IDENTITY[sdk=iphoneos*]" = "iPhone Developer";
				COPY_PHASE_STRIP = NO;
				GCC_C_LANGUAGE_STANDARD = gnu99;
				GCC_DYNAMIC_NO_PIC = NO;
				GCC_OPTIMIZATION_LEVEL = 0;
				GCC_PREPROCESSOR_DEFINITIONS = (
					"DEBUG=1",
					"$(inherited)",
				);
				GCC_SYMBOLS_PRIVATE_EXTERN = NO;
				GCC_VERSION = com.apple.compilers.llvm.clang.1_0;
				GCC_WARN_ABOUT_RETURN_TYPE = YES;
				GCC_WARN_UNINITIALIZED_AUTOS = YES;
				GCC_WARN_UNUSED_VARIABLE = YES;
				IPHONEOS_DEPLOYMENT_TARGET = 5.1;
				SDKROOT = iphoneos;
			};
			name = Debug;
		};
		CB0D9E9815913BED005AD10F /* Release */ = {
			isa = XCBuildConfiguration;
			buildSettings = {
				ALWAYS_SEARCH_USER_PATHS = NO;
				ARCHS = "$(ARCHS_STANDARD_32_BIT)";
				CLANG_ENABLE_OBJC_ARC = YES;
				"CODE_SIGN_IDENTITY[sdk=iphoneos*]" = "iPhone Developer";
				COPY_PHASE_STRIP = YES;
				GCC_C_LANGUAGE_STANDARD = gnu99;
				GCC_VERSION = com.apple.compilers.llvm.clang.1_0;
				GCC_WARN_ABOUT_RETURN_TYPE = YES;
				GCC_WARN_UNINITIALIZED_AUTOS = YES;
				GCC_WARN_UNUSED_VARIABLE = YES;
				IPHONEOS_DEPLOYMENT_TARGET = 5.1;
				OTHER_CFLAGS = "-DNS_BLOCK_ASSERTIONS=1";
				SDKROOT = iphoneos;
				VALIDATE_PRODUCT = YES;
			};
			name = Release;
		};
		CB0D9E9A15913BED005AD10F /* Debug */ = {
			isa = XCBuildConfiguration;
			buildSettings = {
				GCC_PRECOMPILE_PREFIX_HEADER = YES;
				GCC_PREFIX_HEADER = "Calculator/Calculator-Prefix.pch";
				INFOPLIST_FILE = "Calculator/Calculator-Info.plist";
				PRODUCT_NAME = "$(TARGET_NAME)";
				WRAPPER_EXTENSION = app;
			};
			name = Debug;
		};
		CB0D9E9B15913BED005AD10F /* Release */ = {
			isa = XCBuildConfiguration;
			buildSettings = {
				GCC_PRECOMPILE_PREFIX_HEADER = YES;
				GCC_PREFIX_HEADER = "Calculator/Calculator-Prefix.pch";
				INFOPLIST_FILE = "Calculator/Calculator-Info.plist";
				PRODUCT_NAME = "$(TARGET_NAME)";
				WRAPPER_EXTENSION = app;
			};
			name = Release;
		};
/* End XCBuildConfiguration section */

/* Begin XCConfigurationList section */
		CB0D9E7515913BED005AD10F /* Build configuration list for PBXProject "Calculator" */ = {
			isa = XCConfigurationList;
			buildConfigurations = (
				CB0D9E9715913BED005AD10F /* Debug */,
				CB0D9E9815913BED005AD10F /* Release */,
			);
			defaultConfigurationIsVisible = 0;
			defaultConfigurationName = Release;
		};
		CB0D9E9915913BED005AD10F /* Build configuration list for PBXNativeTarget "Calculator" */ = {
			isa = XCConfigurationList;
			buildConfigurations = (
				CB0D9E9A15913BED005AD10F /* Debug */,
				CB0D9E9B15913BED005AD10F /* Release */,
			);
			defaultConfigurationIsVisible = 0;
		};
/* End XCConfigurationList section */
	};
	rootObject = CB0D9E7215913BED005AD10F /* Project object */;
}
